
Microsoft Visual Studio Solution File, Format Version 12.00
# Visual Studio Version 17
VisualStudioVersion = 17.5.33530.505
MinimumVisualStudioVersion = 10.0.40219.1
Project("{FAE04EC0-301F-11D3-BF4B-00C04F79EFBC}") = "ConsoleApp1", "ConsoleApp1.csproj", "{D6871E95-14E6-4CAA-9BBF-1E4E272539DD}"
EndProject
Global
	GlobalSection(SolutionConfigurationPlatforms) = preSolution
		Debug|Any CPU = Debug|Any CPU
		Release|Any CPU = Release|Any CPU
	EndGlobalSection
	GlobalSection(ProjectConfigurationPlatforms) = postSolution
		{D6871E95-14E6-4CAA-9BBF-1E4E272539DD}.Debug|Any CPU.ActiveCfg = Debug|Any CPU
		{D6871E95-14E6-4CAA-9BBF-1E4E272539DD}.Debug|Any CPU.Build.0 = Debug|Any CPU
		{D6871E95-14E6-4CAA-9BBF-1E4E272539DD}.Release|Any CPU.ActiveCfg = Release|Any CPU
		{D6871E95-14E6-4CAA-9BBF-1E4E272539DD}.Release|Any CPU.Build.0 = Release|Any CPU
	EndGlobalSection
	GlobalSection(SolutionProperties) = preSolution
		HideSolutionNode = FALSE
	EndGlobalSection
	GlobalSection(ExtensibilityGlobals) = postSolution
		SolutionGuid = {41BAA506-332E-4EA0-A0BB-763552DEA2AA}
	EndGlobalSection
EndGlobal
